
Microsoft Visual Studio Solution File, Format Version 12.00
# Visual Studio Version 17
VisualStudioVersion = 17.8.34330.188
MinimumVisualStudioVersion = 10.0.40219.1
Project("{9A19103F-16F7-4668-BE54-9A1E7A4F7556}") = "MyCRM", "MyCRM\MyCRM.csproj", "{7D56818E-F4CA-445D-ADC4-F35D459F05EE}"
EndProject
Project("{2150E333-8FDC-42A3-9474-1A3956D46DE8}") = "Application", "Application", "{B49EB943-1C2D-464A-9E43-F93D1F507B6C}"
EndProject
Project("{2150E333-8FDC-42A3-9474-1A3956D46DE8}") = "Domain", "Domain", "{73038738-29CD-413C-A325-31D8333B70B6}"
EndProject
Project("{2150E333-8FDC-42A3-9474-1A3956D46DE8}") = "Infra.Data", "Infra.Data", "{428D72B9-1A31-4A26-AF0D-22E71ADDF564}"
EndProject
Project("{2150E333-8FDC-42A3-9474-1A3956D46DE8}") = "Infra.IoC", "Infra.IoC", "{790F9DA1-1D1B-409C-AD73-178B87A26A5D}"
EndProject
Project("{2150E333-8FDC-42A3-9474-1A3956D46DE8}") = "Presentation", "Presentation", "{BD33ED74-6A5B-4E29-B1CD-C0472F1E9C9B}"
EndProject
Project("{9A19103F-16F7-4668-BE54-9A1E7A4F7556}") = "MyCRM.Application", "MyCRM.Application\MyCRM.Application.csproj", "{63C8F2EB-C199-44E4-B873-6AAEFC159656}"
EndProject
Project("{9A19103F-16F7-4668-BE54-9A1E7A4F7556}") = "MyCRM.Domain", "MyCRM.Domain\MyCRM.Domain.csproj", "{6D9E2715-626E-462B-AB2A-392D7A2623C0}"
EndProject
Project("{9A19103F-16F7-4668-BE54-9A1E7A4F7556}") = "MyCRM.Data", "MyCRM.Data\MyCRM.Data.csproj", "{6DFBE1FD-3E56-4885-A7BD-5DC7B7178090}"
EndProject
Project("{9A19103F-16F7-4668-BE54-9A1E7A4F7556}") = "MyCRM.IoC", "MyCRM.IoC\MyCRM.IoC.csproj", "{34407F60-EC95-456B-9EC1-6E2FE62F59AD}"
EndProject
Global
	GlobalSection(SolutionConfigurationPlatforms) = preSolution
		Debug|Any CPU = Debug|Any CPU
		Release|Any CPU = Release|Any CPU
	EndGlobalSection
	GlobalSection(ProjectConfigurationPlatforms) = postSolution
		{7D56818E-F4CA-445D-ADC4-F35D459F05EE}.Debug|Any CPU.ActiveCfg = Debug|Any CPU
		{7D56818E-F4CA-445D-ADC4-F35D459F05EE}.Debug|Any CPU.Build.0 = Debug|Any CPU
		{7D56818E-F4CA-445D-ADC4-F35D459F05EE}.Release|Any CPU.ActiveCfg = Release|Any CPU
		{7D56818E-F4CA-445D-ADC4-F35D459F05EE}.Release|Any CPU.Build.0 = Release|Any CPU
		{63C8F2EB-C199-44E4-B873-6AAEFC159656}.Debug|Any CPU.ActiveCfg = Debug|Any CPU
		{63C8F2EB-C199-44E4-B873-6AAEFC159656}.Debug|Any CPU.Build.0 = Debug|Any CPU
		{63C8F2EB-C199-44E4-B873-6AAEFC159656}.Release|Any CPU.ActiveCfg = Release|Any CPU
		{63C8F2EB-C199-44E4-B873-6AAEFC159656}.Release|Any CPU.Build.0 = Release|Any CPU
		{6D9E2715-626E-462B-AB2A-392D7A2623C0}.Debug|Any CPU.ActiveCfg = Debug|Any CPU
		{6D9E2715-626E-462B-AB2A-392D7A2623C0}.Debug|Any CPU.Build.0 = Debug|Any CPU
		{6D9E2715-626E-462B-AB2A-392D7A2623C0}.Release|Any CPU.ActiveCfg = Release|Any CPU
		{6D9E2715-626E-462B-AB2A-392D7A2623C0}.Release|Any CPU.Build.0 = Release|Any CPU
		{6DFBE1FD-3E56-4885-A7BD-5DC7B7178090}.Debug|Any CPU.ActiveCfg = Debug|Any CPU
		{6DFBE1FD-3E56-4885-A7BD-5DC7B7178090}.Debug|Any CPU.Build.0 = Debug|Any CPU
		{6DFBE1FD-3E56-4885-A7BD-5DC7B7178090}.Release|Any CPU.ActiveCfg = Release|Any CPU
		{6DFBE1FD-3E56-4885-A7BD-5DC7B7178090}.Release|Any CPU.Build.0 = Release|Any CPU
		{34407F60-EC95-456B-9EC1-6E2FE62F59AD}.Debug|Any CPU.ActiveCfg = Debug|Any CPU
		{34407F60-EC95-456B-9EC1-6E2FE62F59AD}.Debug|Any CPU.Build.0 = Debug|Any CPU
		{34407F60-EC95-456B-9EC1-6E2FE62F59AD}.Release|Any CPU.ActiveCfg = Release|Any CPU
		{34407F60-EC95-456B-9EC1-6E2FE62F59AD}.Release|Any CPU.Build.0 = Release|Any CPU
	EndGlobalSection
	GlobalSection(SolutionProperties) = preSolution
		HideSolutionNode = FALSE
	EndGlobalSection
	GlobalSection(NestedProjects) = preSolution
		{7D56818E-F4CA-445D-ADC4-F35D459F05EE} = {BD33ED74-6A5B-4E29-B1CD-C0472F1E9C9B}
		{63C8F2EB-C199-44E4-B873-6AAEFC159656} = {B49EB943-1C2D-464A-9E43-F93D1F507B6C}
		{6D9E2715-626E-462B-AB2A-392D7A2623C0} = {73038738-29CD-413C-A325-31D8333B70B6}
		{6DFBE1FD-3E56-4885-A7BD-5DC7B7178090} = {428D72B9-1A31-4A26-AF0D-22E71ADDF564}
		{34407F60-EC95-456B-9EC1-6E2FE62F59AD} = {790F9DA1-1D1B-409C-AD73-178B87A26A5D}
	EndGlobalSection
	GlobalSection(ExtensibilityGlobals) = postSolution
		SolutionGuid = {7CEDA08D-2439-4694-867B-94F8B2EC27CC}
	EndGlobalSection
EndGlobal
